
Microsoft Visual Studio Solution File, Format Version 12.00
# Visual Studio Version 17
VisualStudioVersion = 17.8.34309.116
MinimumVisualStudioVersion = 10.0.40219.1
Project("{FAE04EC0-301F-11D3-BF4B-00C04F79EFBC}") = "WpfApp_Quiz", "WpfApp_Quiz\WpfApp_Quiz.csproj", "{FB30A0E0-4591-4C46-99FF-B7F19FA0951C}"
EndProject
Global
	GlobalSection(SolutionConfigurationPlatforms) = preSolution
		Debug|Any CPU = Debug|Any CPU
		Release|Any CPU = Release|Any CPU
	EndGlobalSection
	GlobalSection(ProjectConfigurationPlatforms) = postSolution
		{FB30A0E0-4591-4C46-99FF-B7F19FA0951C}.Debug|Any CPU.ActiveCfg = Debug|Any CPU
		{FB30A0E0-4591-4C46-99FF-B7F19FA0951C}.Debug|Any CPU.Build.0 = Debug|Any CPU
		{FB30A0E0-4591-4C46-99FF-B7F19FA0951C}.Release|Any CPU.ActiveCfg = Release|Any CPU
		{FB30A0E0-4591-4C46-99FF-B7F19FA0951C}.Release|Any CPU.Build.0 = Release|Any CPU
	EndGlobalSection
	GlobalSection(SolutionProperties) = preSolution
		HideSolutionNode = FALSE
	EndGlobalSection
	GlobalSection(ExtensibilityGlobals) = postSolution
		SolutionGuid = {21890FB5-7CA6-4D86-933A-4F15BE3992E5}
	EndGlobalSection
EndGlobal
